
Microsoft Visual Studio Solution File, Format Version 12.00
# Visual Studio Version 17
VisualStudioVersion = 17.4.33213.308
MinimumVisualStudioVersion = 10.0.40219.1
Project("{FAE04EC0-301F-11D3-BF4B-00C04F79EFBC}") = "ABClock", "ABClock\ABClock.csproj", "{47167971-E876-4076-AA95-D4B4BA0A0E95}"
EndProject
Global
	GlobalSection(SolutionConfigurationPlatforms) = preSolution
		Debug|Any CPU = Debug|Any CPU
		Release|Any CPU = Release|Any CPU
	EndGlobalSection
	GlobalSection(ProjectConfigurationPlatforms) = postSolution
		{47167971-E876-4076-AA95-D4B4BA0A0E95}.Debug|Any CPU.ActiveCfg = Debug|Any CPU
		{47167971-E876-4076-AA95-D4B4BA0A0E95}.Debug|Any CPU.Build.0 = Debug|Any CPU
		{47167971-E876-4076-AA95-D4B4BA0A0E95}.Release|Any CPU.ActiveCfg = Release|Any CPU
		{47167971-E876-4076-AA95-D4B4BA0A0E95}.Release|Any CPU.Build.0 = Release|Any CPU
	EndGlobalSection
	GlobalSection(SolutionProperties) = preSolution
		HideSolutionNode = FALSE
	EndGlobalSection
	GlobalSection(ExtensibilityGlobals) = postSolution
		SolutionGuid = {1CF4242E-DF79-4D66-BC86-06BB21E97101}
	EndGlobalSection
EndGlobal
